
Microsoft Visual Studio Solution File, Format Version 12.00
# Visual Studio 15
VisualStudioVersion = 15.0.28010.2050
MinimumVisualStudioVersion = 10.0.40219.1
Project("{FAE04EC0-301F-11D3-BF4B-00C04F79EFBC}") = "Mastermind", "Mastermind\Mastermind.csproj", "{18463F00-9F37-4B72-B84B-FA63E1258D2E}"
EndProject
Global
	GlobalSection(SolutionConfigurationPlatforms) = preSolution
		Debug|Any CPU = Debug|Any CPU
		Release|Any CPU = Release|Any CPU
	EndGlobalSection
	GlobalSection(ProjectConfigurationPlatforms) = postSolution
		{18463F00-9F37-4B72-B84B-FA63E1258D2E}.Debug|Any CPU.ActiveCfg = Debug|Any CPU
		{18463F00-9F37-4B72-B84B-FA63E1258D2E}.Debug|Any CPU.Build.0 = Debug|Any CPU
		{18463F00-9F37-4B72-B84B-FA63E1258D2E}.Release|Any CPU.ActiveCfg = Release|Any CPU
		{18463F00-9F37-4B72-B84B-FA63E1258D2E}.Release|Any CPU.Build.0 = Release|Any CPU
	EndGlobalSection
	GlobalSection(SolutionProperties) = preSolution
		HideSolutionNode = FALSE
	EndGlobalSection
	GlobalSection(ExtensibilityGlobals) = postSolution
		SolutionGuid = {F651FACE-17AF-4D18-A56A-F072188DD54F}
	EndGlobalSection
EndGlobal
