
Microsoft Visual Studio Solution File, Format Version 12.00
# Visual Studio 15
VisualStudioVersion = 15.0.28010.2046
MinimumVisualStudioVersion = 10.0.40219.1
Project("{FAE04EC0-301F-11D3-BF4B-00C04F79EFBC}") = "MatchingGame", "MatchingGame\MatchingGame.csproj", "{9665A8C7-41D3-4C51-9E87-984B05B55FAE}"
EndProject
Global
	GlobalSection(SolutionConfigurationPlatforms) = preSolution
		Debug|Any CPU = Debug|Any CPU
		Release|Any CPU = Release|Any CPU
	EndGlobalSection
	GlobalSection(ProjectConfigurationPlatforms) = postSolution
		{9665A8C7-41D3-4C51-9E87-984B05B55FAE}.Debug|Any CPU.ActiveCfg = Debug|Any CPU
		{9665A8C7-41D3-4C51-9E87-984B05B55FAE}.Debug|Any CPU.Build.0 = Debug|Any CPU
		{9665A8C7-41D3-4C51-9E87-984B05B55FAE}.Release|Any CPU.ActiveCfg = Release|Any CPU
		{9665A8C7-41D3-4C51-9E87-984B05B55FAE}.Release|Any CPU.Build.0 = Release|Any CPU
	EndGlobalSection
	GlobalSection(SolutionProperties) = preSolution
		HideSolutionNode = FALSE
	EndGlobalSection
	GlobalSection(ExtensibilityGlobals) = postSolution
		SolutionGuid = {568FA1D9-3036-4878-8EE9-9BC9ED8E0BD7}
	EndGlobalSection
EndGlobal
